
Microsoft Visual Studio Solution File, Format Version 12.00
# Visual Studio Version 17
VisualStudioVersion = 17.11.35222.181
MinimumVisualStudioVersion = 10.0.40219.1
Project("{FAE04EC0-301F-11D3-BF4B-00C04F79EFBC}") = "VocabularyMaster", "VocabularyMaster\VocabularyMaster.csproj", "{E070CA2B-5CF2-4AF3-86C8-F6FDF96181F4}"
EndProject
Project("{FAE04EC0-301F-11D3-BF4B-00C04F79EFBC}") = "VocabularyMaster.Core", "VocabularyMaster.Core\VocabularyMaster.Core.csproj", "{59550420-B165-4FCB-A2AF-DBDDC51A1C41}"
EndProject
Project("{FAE04EC0-301F-11D3-BF4B-00C04F79EFBC}") = "VocabularyMaster.Infrastructure", "VocabularyMaster.Infrastructure\VocabularyMaster.Infrastructure.csproj", "{E1487BC5-C82D-4E40-A8F0-98C4C7D5D775}"
EndProject
Global
	GlobalSection(SolutionConfigurationPlatforms) = preSolution
		Debug|Any CPU = Debug|Any CPU
		Release|Any CPU = Release|Any CPU
	EndGlobalSection
	GlobalSection(ProjectConfigurationPlatforms) = postSolution
		{E070CA2B-5CF2-4AF3-86C8-F6FDF96181F4}.Debug|Any CPU.ActiveCfg = Debug|Any CPU
		{E070CA2B-5CF2-4AF3-86C8-F6FDF96181F4}.Debug|Any CPU.Build.0 = Debug|Any CPU
		{E070CA2B-5CF2-4AF3-86C8-F6FDF96181F4}.Release|Any CPU.ActiveCfg = Release|Any CPU
		{E070CA2B-5CF2-4AF3-86C8-F6FDF96181F4}.Release|Any CPU.Build.0 = Release|Any CPU
		{59550420-B165-4FCB-A2AF-DBDDC51A1C41}.Debug|Any CPU.ActiveCfg = Debug|Any CPU
		{59550420-B165-4FCB-A2AF-DBDDC51A1C41}.Debug|Any CPU.Build.0 = Debug|Any CPU
		{59550420-B165-4FCB-A2AF-DBDDC51A1C41}.Release|Any CPU.ActiveCfg = Release|Any CPU
		{59550420-B165-4FCB-A2AF-DBDDC51A1C41}.Release|Any CPU.Build.0 = Release|Any CPU
		{E1487BC5-C82D-4E40-A8F0-98C4C7D5D775}.Debug|Any CPU.ActiveCfg = Debug|Any CPU
		{E1487BC5-C82D-4E40-A8F0-98C4C7D5D775}.Debug|Any CPU.Build.0 = Debug|Any CPU
		{E1487BC5-C82D-4E40-A8F0-98C4C7D5D775}.Release|Any CPU.ActiveCfg = Release|Any CPU
		{E1487BC5-C82D-4E40-A8F0-98C4C7D5D775}.Release|Any CPU.Build.0 = Release|Any CPU
	EndGlobalSection
	GlobalSection(SolutionProperties) = preSolution
		HideSolutionNode = FALSE
	EndGlobalSection
	GlobalSection(ExtensibilityGlobals) = postSolution
		SolutionGuid = {8DCCF426-9ED6-4057-B99B-A214F05C1456}
	EndGlobalSection
EndGlobal
